
Microsoft Visual Studio Solution File, Format Version 12.00
# Visual Studio Version 17
VisualStudioVersion = 17.11.35222.181
MinimumVisualStudioVersion = 10.0.40219.1
Project("{9A19103F-16F7-4668-BE54-9A1E7A4F7556}") = "WebApplication1", "WebApplication1\WebApplication1.csproj", "{247D8677-B757-4239-B9BA-A4740F4C1319}"
EndProject
Project("{FAE04EC0-301F-11D3-BF4B-00C04F79EFBC}") = "EntityFrameworkUse1.0.0", "..\EntityFrameworkUse1.0.0\EntityFrameworkUse1.0.0.csproj", "{81F91871-2F5F-4019-A5EA-2BD663FA571D}"
EndProject
Global
	GlobalSection(SolutionConfigurationPlatforms) = preSolution
		Debug|Any CPU = Debug|Any CPU
		Release|Any CPU = Release|Any CPU
	EndGlobalSection
	GlobalSection(ProjectConfigurationPlatforms) = postSolution
		{247D8677-B757-4239-B9BA-A4740F4C1319}.Debug|Any CPU.ActiveCfg = Debug|Any CPU
		{247D8677-B757-4239-B9BA-A4740F4C1319}.Debug|Any CPU.Build.0 = Debug|Any CPU
		{247D8677-B757-4239-B9BA-A4740F4C1319}.Release|Any CPU.ActiveCfg = Release|Any CPU
		{247D8677-B757-4239-B9BA-A4740F4C1319}.Release|Any CPU.Build.0 = Release|Any CPU
		{81F91871-2F5F-4019-A5EA-2BD663FA571D}.Debug|Any CPU.ActiveCfg = Debug|Any CPU
		{81F91871-2F5F-4019-A5EA-2BD663FA571D}.Debug|Any CPU.Build.0 = Debug|Any CPU
		{81F91871-2F5F-4019-A5EA-2BD663FA571D}.Release|Any CPU.ActiveCfg = Release|Any CPU
		{81F91871-2F5F-4019-A5EA-2BD663FA571D}.Release|Any CPU.Build.0 = Release|Any CPU
	EndGlobalSection
	GlobalSection(SolutionProperties) = preSolution
		HideSolutionNode = FALSE
	EndGlobalSection
	GlobalSection(ExtensibilityGlobals) = postSolution
		SolutionGuid = {7249CC40-321B-4C43-B4D8-B74088C1D128}
	EndGlobalSection
EndGlobal
